
Microsoft Visual Studio Solution File, Format Version 12.00
# Visual Studio 2012
Project("{8BC9CEB8-8B4A-11D0-8D11-00A0C91BC942}") = "third_step", "third_step\third_step.vcxproj", "{1FB9F7A6-EF6D-436D-B059-DB937915520B}"
EndProject
Global
	GlobalSection(SolutionConfigurationPlatforms) = preSolution
		Debug|Win32 = Debug|Win32
		Release|Win32 = Release|Win32
	EndGlobalSection
	GlobalSection(ProjectConfigurationPlatforms) = postSolution
		{1FB9F7A6-EF6D-436D-B059-DB937915520B}.Debug|Win32.ActiveCfg = Debug|Win32
		{1FB9F7A6-EF6D-436D-B059-DB937915520B}.Debug|Win32.Build.0 = Debug|Win32
		{1FB9F7A6-EF6D-436D-B059-DB937915520B}.Release|Win32.ActiveCfg = Release|Win32
		{1FB9F7A6-EF6D-436D-B059-DB937915520B}.Release|Win32.Build.0 = Release|Win32
	EndGlobalSection
	GlobalSection(SolutionProperties) = preSolution
		HideSolutionNode = FALSE
	EndGlobalSection
EndGlobal
