
Microsoft Visual Studio Solution File, Format Version 12.00
# Visual Studio 2012
Project("{8BC9CEB8-8B4A-11D0-8D11-00A0C91BC942}") = "dddd", "dddd\dddd.vcxproj", "{C8F9AE00-CC55-40FC-8E0F-5B59487CE96C}"
EndProject
Global
	GlobalSection(SolutionConfigurationPlatforms) = preSolution
		Debug|Win32 = Debug|Win32
		Release|Win32 = Release|Win32
	EndGlobalSection
	GlobalSection(ProjectConfigurationPlatforms) = postSolution
		{C8F9AE00-CC55-40FC-8E0F-5B59487CE96C}.Debug|Win32.ActiveCfg = Debug|Win32
		{C8F9AE00-CC55-40FC-8E0F-5B59487CE96C}.Debug|Win32.Build.0 = Debug|Win32
		{C8F9AE00-CC55-40FC-8E0F-5B59487CE96C}.Release|Win32.ActiveCfg = Release|Win32
		{C8F9AE00-CC55-40FC-8E0F-5B59487CE96C}.Release|Win32.Build.0 = Release|Win32
	EndGlobalSection
	GlobalSection(SolutionProperties) = preSolution
		HideSolutionNode = FALSE
	EndGlobalSection
EndGlobal
