
Microsoft Visual Studio Solution File, Format Version 12.00
# Visual Studio 2012
Project("{8BC9CEB8-8B4A-11D0-8D11-00A0C91BC942}") = "try", "try\try.vcxproj", "{187BD22F-23BB-4B3B-A8F2-C006D5CE2364}"
EndProject
Global
	GlobalSection(SolutionConfigurationPlatforms) = preSolution
		Debug|Win32 = Debug|Win32
		Release|Win32 = Release|Win32
	EndGlobalSection
	GlobalSection(ProjectConfigurationPlatforms) = postSolution
		{187BD22F-23BB-4B3B-A8F2-C006D5CE2364}.Debug|Win32.ActiveCfg = Debug|Win32
		{187BD22F-23BB-4B3B-A8F2-C006D5CE2364}.Debug|Win32.Build.0 = Debug|Win32
		{187BD22F-23BB-4B3B-A8F2-C006D5CE2364}.Release|Win32.ActiveCfg = Release|Win32
		{187BD22F-23BB-4B3B-A8F2-C006D5CE2364}.Release|Win32.Build.0 = Release|Win32
	EndGlobalSection
	GlobalSection(SolutionProperties) = preSolution
		HideSolutionNode = FALSE
	EndGlobalSection
EndGlobal
