
Microsoft Visual Studio Solution File, Format Version 12.00
# Visual Studio 2012
Project("{8BC9CEB8-8B4A-11D0-8D11-00A0C91BC942}") = "Last_step", "Last_step\Last_step.vcxproj", "{7EBBFFFB-30F3-4A80-AB2D-401BA8581276}"
EndProject
Global
	GlobalSection(SolutionConfigurationPlatforms) = preSolution
		Debug|Win32 = Debug|Win32
		Release|Win32 = Release|Win32
	EndGlobalSection
	GlobalSection(ProjectConfigurationPlatforms) = postSolution
		{7EBBFFFB-30F3-4A80-AB2D-401BA8581276}.Debug|Win32.ActiveCfg = Debug|Win32
		{7EBBFFFB-30F3-4A80-AB2D-401BA8581276}.Debug|Win32.Build.0 = Debug|Win32
		{7EBBFFFB-30F3-4A80-AB2D-401BA8581276}.Release|Win32.ActiveCfg = Release|Win32
		{7EBBFFFB-30F3-4A80-AB2D-401BA8581276}.Release|Win32.Build.0 = Release|Win32
	EndGlobalSection
	GlobalSection(SolutionProperties) = preSolution
		HideSolutionNode = FALSE
	EndGlobalSection
	GlobalSection(Performance) = preSolution
		HasPerformanceSessions = true
	EndGlobalSection
EndGlobal
